<?xml version="1.0" encoding="UTF-8"?>
<!DOCTYPE plist PUBLIC "-//Apple//DTD PLIST 1.0//EN" "http://www.apple.com/DTDs/PropertyList-1.0.dtd">
<plist version="1.0">
<dict>
	<key>archiveVersion</key>
	<string>1</string>
	<key>classes</key>
	<dict/>
	<key>objectVersion</key>
	<string>46</string>
	<key>objects</key>
	<dict>
		<key>2281B6C518119A12007D556C</key>
		<dict>
			<key>children</key>
			<array>
				<string>2281B6D718119A12007D556C</string>
				<string>2281B6F618119A12007D556C</string>
				<string>2281B6D018119A12007D556C</string>
				<string>2281B6CF18119A12007D556C</string>
				<string>6329F81BF8EA4CA08D60CF6A</string>
			</array>
			<key>isa</key>
			<string>PBXGroup</string>
			<key>sourceTree</key>
			<string>&lt;group&gt;</string>
		</dict>
		<key>2281B6C618119A12007D556C</key>
		<dict>
			<key>attributes</key>
			<dict>
				<key>CLASSPREFIX</key>
				<string>AFE</string>
				<key>LastUpgradeCheck</key>
				<string>0500</string>
				<key>ORGANIZATIONNAME</key>
				<string>Tim Leytens</string>
				<key>TargetAttributes</key>
				<dict>
					<key>2281B6EE18119A12007D556C</key>
					<dict>
						<key>TestTargetID</key>
						<string>2281B6CD18119A12007D556C</string>
					</dict>
				</dict>
			</dict>
			<key>buildConfigurationList</key>
			<string>2281B6C918119A12007D556C</string>
			<key>compatibilityVersion</key>
			<string>Xcode 3.2</string>
			<key>developmentRegion</key>
			<string>English</string>
			<key>hasScannedForEncodings</key>
			<string>0</string>
			<key>isa</key>
			<string>PBXProject</string>
			<key>knownRegions</key>
			<array>
				<string>en</string>
				<string>Base</string>
			</array>
			<key>mainGroup</key>
			<string>2281B6C518119A12007D556C</string>
			<key>productRefGroup</key>
			<string>2281B6CF18119A12007D556C</string>
			<key>projectDirPath</key>
			<string></string>
			<key>projectReferences</key>
			<array/>
			<key>projectRoot</key>
			<string></string>
			<key>targets</key>
			<array>
				<string>2281B6CD18119A12007D556C</string>
				<string>2281B6EE18119A12007D556C</string>
			</array>
		</dict>
		<key>2281B6C918119A12007D556C</key>
		<dict>
			<key>buildConfigurations</key>
			<array>
				<string>2281B6FE18119A13007D556C</string>
				<string>2281B6FF18119A13007D556C</string>
			</array>
			<key>defaultConfigurationIsVisible</key>
			<string>0</string>
			<key>defaultConfigurationName</key>
			<string>Release</string>
			<key>isa</key>
			<string>XCConfigurationList</string>
		</dict>
		<key>2281B6CA18119A12007D556C</key>
		<dict>
			<key>buildActionMask</key>
			<string>2147483647</string>
			<key>files</key>
			<array>
				<string>2281B6DE18119A12007D556C</string>
				<string>2281B70A1811A478007D556C</string>
				<string>22CB2CAB1812B3D300207D50</string>
				<string>2281B71D18127535007D556C</string>
				<string>22CB2CA01812850F00207D50</string>
				<string>2281B6E218119A12007D556C</string>
				<string>22CB2CA6181289EB00207D50</string>
				<string>2281B7131811B6EA007D556C</string>
				<string>2281B7161811B6F5007D556C</string>
			</array>
			<key>isa</key>
			<string>PBXSourcesBuildPhase</string>
			<key>runOnlyForDeploymentPostprocessing</key>
			<string>0</string>
		</dict>
		<key>2281B6CB18119A12007D556C</key>
		<dict>
			<key>buildActionMask</key>
			<string>2147483647</string>
			<key>files</key>
			<array>
				<string>2281B6D418119A12007D556C</string>
				<string>2281B6D618119A12007D556C</string>
				<string>2281B6D218119A12007D556C</string>
				<string>D798B1C2B4F5464CB41E0BDD</string>
			</array>
			<key>isa</key>
			<string>PBXFrameworksBuildPhase</string>
			<key>runOnlyForDeploymentPostprocessing</key>
			<string>0</string>
		</dict>
		<key>2281B6CC18119A12007D556C</key>
		<dict>
			<key>buildActionMask</key>
			<string>2147483647</string>
			<key>files</key>
			<array>
				<string>2281B71A1811C539007D556C</string>
				<string>22CB2CA7181289EB00207D50</string>
				<string>2281B7181811C0ED007D556C</string>
				<string>2281B6EA18119A12007D556C</string>
				<string>22CB2CA21812891200207D50</string>
				<string>22CB2CAC1812B3D300207D50</string>
				<string>2281B6DC18119A12007D556C</string>
			</array>
			<key>isa</key>
			<string>PBXResourcesBuildPhase</string>
			<key>runOnlyForDeploymentPostprocessing</key>
			<string>0</string>
		</dict>
		<key>2281B6CD18119A12007D556C</key>
		<dict>
			<key>buildConfigurationList</key>
			<string>2281B70018119A13007D556C</string>
			<key>buildPhases</key>
			<array>
				<string>FC5AF1259DB94FA19BC2AF22</string>
				<string>2281B6CA18119A12007D556C</string>
				<string>2281B6CB18119A12007D556C</string>
				<string>2281B6CC18119A12007D556C</string>
				<string>4F51A640D3204D65BEEBCE89</string>
			</array>
			<key>buildRules</key>
			<array/>
			<key>dependencies</key>
			<array/>
			<key>isa</key>
			<string>PBXNativeTarget</string>
			<key>name</key>
			<string>AppsForEnergy</string>
			<key>productName</key>
			<string>AppsForEnergy</string>
			<key>productReference</key>
			<string>2281B6CE18119A12007D556C</string>
			<key>productType</key>
			<string>com.apple.product-type.application</string>
		</dict>
		<key>2281B6CE18119A12007D556C</key>
		<dict>
			<key>explicitFileType</key>
			<string>wrapper.application</string>
			<key>includeInIndex</key>
			<string>0</string>
			<key>isa</key>
			<string>PBXFileReference</string>
			<key>path</key>
			<string>AppsForEnergy.app</string>
			<key>sourceTree</key>
			<string>BUILT_PRODUCTS_DIR</string>
		</dict>
		<key>2281B6CF18119A12007D556C</key>
		<dict>
			<key>children</key>
			<array>
				<string>2281B6CE18119A12007D556C</string>
				<string>2281B6EF18119A12007D556C</string>
			</array>
			<key>isa</key>
			<string>PBXGroup</string>
			<key>name</key>
			<string>Products</string>
			<key>sourceTree</key>
			<string>&lt;group&gt;</string>
		</dict>
		<key>2281B6D018119A12007D556C</key>
		<dict>
			<key>children</key>
			<array>
				<string>2281B6D118119A12007D556C</string>
				<string>2281B6D318119A12007D556C</string>
				<string>2281B6D518119A12007D556C</string>
				<string>2281B6F018119A12007D556C</string>
				<string>23A30231E4B84822BE3B83B6</string>
			</array>
			<key>isa</key>
			<string>PBXGroup</string>
			<key>name</key>
			<string>Frameworks</string>
			<key>sourceTree</key>
			<string>&lt;group&gt;</string>
		</dict>
		<key>2281B6D118119A12007D556C</key>
		<dict>
			<key>isa</key>
			<string>PBXFileReference</string>
			<key>lastKnownFileType</key>
			<string>wrapper.framework</string>
			<key>name</key>
			<string>Foundation.framework</string>
			<key>path</key>
			<string>System/Library/Frameworks/Foundation.framework</string>
			<key>sourceTree</key>
			<string>SDKROOT</string>
		</dict>
		<key>2281B6D218119A12007D556C</key>
		<dict>
			<key>fileRef</key>
			<string>2281B6D118119A12007D556C</string>
			<key>isa</key>
			<string>PBXBuildFile</string>
		</dict>
		<key>2281B6D318119A12007D556C</key>
		<dict>
			<key>isa</key>
			<string>PBXFileReference</string>
			<key>lastKnownFileType</key>
			<string>wrapper.framework</string>
			<key>name</key>
			<string>CoreGraphics.framework</string>
			<key>path</key>
			<string>System/Library/Frameworks/CoreGraphics.framework</string>
			<key>sourceTree</key>
			<string>SDKROOT</string>
		</dict>
		<key>2281B6D418119A12007D556C</key>
		<dict>
			<key>fileRef</key>
			<string>2281B6D318119A12007D556C</string>
			<key>isa</key>
			<string>PBXBuildFile</string>
		</dict>
		<key>2281B6D518119A12007D556C</key>
		<dict>
			<key>isa</key>
			<string>PBXFileReference</string>
			<key>lastKnownFileType</key>
			<string>wrapper.framework</string>
			<key>name</key>
			<string>UIKit.framework</string>
			<key>path</key>
			<string>System/Library/Frameworks/UIKit.framework</string>
			<key>sourceTree</key>
			<string>SDKROOT</string>
		</dict>
		<key>2281B6D618119A12007D556C</key>
		<dict>
			<key>fileRef</key>
			<string>2281B6D518119A12007D556C</string>
			<key>isa</key>
			<string>PBXBuildFile</string>
		</dict>
		<key>2281B6D718119A12007D556C</key>
		<dict>
			<key>children</key>
			<array>
				<string>2281B70D1811B6A4007D556C</string>
				<string>2281B70E1811B6B0007D556C</string>
				<string>2281B70F1811B6B7007D556C</string>
				<string>2281B7101811B6BE007D556C</string>
				<string>2281B6D818119A12007D556C</string>
				<string>2281B6E918119A12007D556C</string>
				<string>2281B70C1811AFAA007D556C</string>
			</array>
			<key>isa</key>
			<string>PBXGroup</string>
			<key>path</key>
			<string>AppsForEnergy</string>
			<key>sourceTree</key>
			<string>&lt;group&gt;</string>
		</dict>
		<key>2281B6D818119A12007D556C</key>
		<dict>
			<key>children</key>
			<array>
				<string>2281B6D918119A12007D556C</string>
				<string>2281B6DA18119A12007D556C</string>
				<string>2281B6DD18119A12007D556C</string>
				<string>2281B6DF18119A12007D556C</string>
			</array>
			<key>isa</key>
			<string>PBXGroup</string>
			<key>name</key>
			<string>Supporting Files</string>
			<key>sourceTree</key>
			<string>&lt;group&gt;</string>
		</dict>
		<key>2281B6D918119A12007D556C</key>
		<dict>
			<key>isa</key>
			<string>PBXFileReference</string>
			<key>lastKnownFileType</key>
			<string>text.plist.xml</string>
			<key>path</key>
			<string>AppsForEnergy-Info.plist</string>
			<key>sourceTree</key>
			<string>&lt;group&gt;</string>
		</dict>
		<key>2281B6DA18119A12007D556C</key>
		<dict>
			<key>children</key>
			<array>
				<string>2281B6DB18119A12007D556C</string>
			</array>
			<key>isa</key>
			<string>PBXVariantGroup</string>
			<key>name</key>
			<string>InfoPlist.strings</string>
			<key>sourceTree</key>
			<string>&lt;group&gt;</string>
		</dict>
		<key>2281B6DB18119A12007D556C</key>
		<dict>
			<key>isa</key>
			<string>PBXFileReference</string>
			<key>lastKnownFileType</key>
			<string>text.plist.strings</string>
			<key>name</key>
			<string>en</string>
			<key>path</key>
			<string>en.lproj/InfoPlist.strings</string>
			<key>sourceTree</key>
			<string>&lt;group&gt;</string>
		</dict>
		<key>2281B6DC18119A12007D556C</key>
		<dict>
			<key>fileRef</key>
			<string>2281B6DA18119A12007D556C</string>
			<key>isa</key>
			<string>PBXBuildFile</string>
		</dict>
		<key>2281B6DD18119A12007D556C</key>
		<dict>
			<key>isa</key>
			<string>PBXFileReference</string>
			<key>lastKnownFileType</key>
			<string>sourcecode.c.objc</string>
			<key>path</key>
			<string>main.m</string>
			<key>sourceTree</key>
			<string>&lt;group&gt;</string>
		</dict>
		<key>2281B6DE18119A12007D556C</key>
		<dict>
			<key>fileRef</key>
			<string>2281B6DD18119A12007D556C</string>
			<key>isa</key>
			<string>PBXBuildFile</string>
		</dict>
		<key>2281B6DF18119A12007D556C</key>
		<dict>
			<key>isa</key>
			<string>PBXFileReference</string>
			<key>lastKnownFileType</key>
			<string>sourcecode.c.h</string>
			<key>path</key>
			<string>AppsForEnergy-Prefix.pch</string>
			<key>sourceTree</key>
			<string>&lt;group&gt;</string>
		</dict>
		<key>2281B6E018119A12007D556C</key>
		<dict>
			<key>isa</key>
			<string>PBXFileReference</string>
			<key>lastKnownFileType</key>
			<string>sourcecode.c.h</string>
			<key>path</key>
			<string>AFEAppDelegate.h</string>
			<key>sourceTree</key>
			<string>&lt;group&gt;</string>
		</dict>
		<key>2281B6E118119A12007D556C</key>
		<dict>
			<key>isa</key>
			<string>PBXFileReference</string>
			<key>lastKnownFileType</key>
			<string>sourcecode.c.objc</string>
			<key>path</key>
			<string>AFEAppDelegate.m</string>
			<key>sourceTree</key>
			<string>&lt;group&gt;</string>
		</dict>
		<key>2281B6E218119A12007D556C</key>
		<dict>
			<key>fileRef</key>
			<string>2281B6E118119A12007D556C</string>
			<key>isa</key>
			<string>PBXBuildFile</string>
		</dict>
		<key>2281B6E918119A12007D556C</key>
		<dict>
			<key>isa</key>
			<string>PBXFileReference</string>
			<key>lastKnownFileType</key>
			<string>folder.assetcatalog</string>
			<key>path</key>
			<string>Images.xcassets</string>
			<key>sourceTree</key>
			<string>&lt;group&gt;</string>
		</dict>
		<key>2281B6EA18119A12007D556C</key>
		<dict>
			<key>fileRef</key>
			<string>2281B6E918119A12007D556C</string>
			<key>isa</key>
			<string>PBXBuildFile</string>
		</dict>
		<key>2281B6EB18119A12007D556C</key>
		<dict>
			<key>buildActionMask</key>
			<string>2147483647</string>
			<key>files</key>
			<array>
				<string>2281B6FD18119A13007D556C</string>
			</array>
			<key>isa</key>
			<string>PBXSourcesBuildPhase</string>
			<key>runOnlyForDeploymentPostprocessing</key>
			<string>0</string>
		</dict>
		<key>2281B6EC18119A12007D556C</key>
		<dict>
			<key>buildActionMask</key>
			<string>2147483647</string>
			<key>files</key>
			<array>
				<string>2281B6F118119A12007D556C</string>
				<string>2281B6F318119A12007D556C</string>
				<string>2281B6F218119A12007D556C</string>
			</array>
			<key>isa</key>
			<string>PBXFrameworksBuildPhase</string>
			<key>runOnlyForDeploymentPostprocessing</key>
			<string>0</string>
		</dict>
		<key>2281B6ED18119A12007D556C</key>
		<dict>
			<key>buildActionMask</key>
			<string>2147483647</string>
			<key>files</key>
			<array>
				<string>2281B6FB18119A12007D556C</string>
			</array>
			<key>isa</key>
			<string>PBXResourcesBuildPhase</string>
			<key>runOnlyForDeploymentPostprocessing</key>
			<string>0</string>
		</dict>
		<key>2281B6EE18119A12007D556C</key>
		<dict>
			<key>buildConfigurationList</key>
			<string>2281B70318119A13007D556C</string>
			<key>buildPhases</key>
			<array>
				<string>2281B6EB18119A12007D556C</string>
				<string>2281B6EC18119A12007D556C</string>
				<string>2281B6ED18119A12007D556C</string>
			</array>
			<key>buildRules</key>
			<array/>
			<key>dependencies</key>
			<array>
				<string>2281B6F518119A12007D556C</string>
			</array>
			<key>isa</key>
			<string>PBXNativeTarget</string>
			<key>name</key>
			<string>AppsForEnergyTests</string>
			<key>productName</key>
			<string>AppsForEnergyTests</string>
			<key>productReference</key>
			<string>2281B6EF18119A12007D556C</string>
			<key>productType</key>
			<string>com.apple.product-type.bundle.unit-test</string>
		</dict>
		<key>2281B6EF18119A12007D556C</key>
		<dict>
			<key>explicitFileType</key>
			<string>wrapper.cfbundle</string>
			<key>includeInIndex</key>
			<string>0</string>
			<key>isa</key>
			<string>PBXFileReference</string>
			<key>path</key>
			<string>AppsForEnergyTests.xctest</string>
			<key>sourceTree</key>
			<string>BUILT_PRODUCTS_DIR</string>
		</dict>
		<key>2281B6F018119A12007D556C</key>
		<dict>
			<key>isa</key>
			<string>PBXFileReference</string>
			<key>lastKnownFileType</key>
			<string>wrapper.framework</string>
			<key>name</key>
			<string>XCTest.framework</string>
			<key>path</key>
			<string>Library/Frameworks/XCTest.framework</string>
			<key>sourceTree</key>
			<string>DEVELOPER_DIR</string>
		</dict>
		<key>2281B6F118119A12007D556C</key>
		<dict>
			<key>fileRef</key>
			<string>2281B6F018119A12007D556C</string>
			<key>isa</key>
			<string>PBXBuildFile</string>
		</dict>
		<key>2281B6F218119A12007D556C</key>
		<dict>
			<key>fileRef</key>
			<string>2281B6D118119A12007D556C</string>
			<key>isa</key>
			<string>PBXBuildFile</string>
		</dict>
		<key>2281B6F318119A12007D556C</key>
		<dict>
			<key>fileRef</key>
			<string>2281B6D518119A12007D556C</string>
			<key>isa</key>
			<string>PBXBuildFile</string>
		</dict>
		<key>2281B6F418119A12007D556C</key>
		<dict>
			<key>containerPortal</key>
			<string>2281B6C618119A12007D556C</string>
			<key>isa</key>
			<string>PBXContainerItemProxy</string>
			<key>proxyType</key>
			<string>1</string>
			<key>remoteGlobalIDString</key>
			<string>2281B6CD18119A12007D556C</string>
			<key>remoteInfo</key>
			<string>AppsForEnergy</string>
		</dict>
		<key>2281B6F518119A12007D556C</key>
		<dict>
			<key>isa</key>
			<string>PBXTargetDependency</string>
			<key>target</key>
			<string>2281B6CD18119A12007D556C</string>
			<key>targetProxy</key>
			<string>2281B6F418119A12007D556C</string>
		</dict>
		<key>2281B6F618119A12007D556C</key>
		<dict>
			<key>children</key>
			<array>
				<string>2281B6FC18119A12007D556C</string>
				<string>2281B6F718119A12007D556C</string>
			</array>
			<key>isa</key>
			<string>PBXGroup</string>
			<key>path</key>
			<string>AppsForEnergyTests</string>
			<key>sourceTree</key>
			<string>&lt;group&gt;</string>
		</dict>
		<key>2281B6F718119A12007D556C</key>
		<dict>
			<key>children</key>
			<array>
				<string>2281B6F818119A12007D556C</string>
				<string>2281B6F918119A12007D556C</string>
			</array>
			<key>isa</key>
			<string>PBXGroup</string>
			<key>name</key>
			<string>Supporting Files</string>
			<key>sourceTree</key>
			<string>&lt;group&gt;</string>
		</dict>
		<key>2281B6F818119A12007D556C</key>
		<dict>
			<key>isa</key>
			<string>PBXFileReference</string>
			<key>lastKnownFileType</key>
			<string>text.plist.xml</string>
			<key>path</key>
			<string>AppsForEnergyTests-Info.plist</string>
			<key>sourceTree</key>
			<string>&lt;group&gt;</string>
		</dict>
		<key>2281B6F918119A12007D556C</key>
		<dict>
			<key>children</key>
			<array>
				<string>2281B6FA18119A12007D556C</string>
			</array>
			<key>isa</key>
			<string>PBXVariantGroup</string>
			<key>name</key>
			<string>InfoPlist.strings</string>
			<key>sourceTree</key>
			<string>&lt;group&gt;</string>
		</dict>
		<key>2281B6FA18119A12007D556C</key>
		<dict>
			<key>isa</key>
			<string>PBXFileReference</string>
			<key>lastKnownFileType</key>
			<string>text.plist.strings</string>
			<key>name</key>
			<string>en</string>
			<key>path</key>
			<string>en.lproj/InfoPlist.strings</string>
			<key>sourceTree</key>
			<string>&lt;group&gt;</string>
		</dict>
		<key>2281B6FB18119A12007D556C</key>
		<dict>
			<key>fileRef</key>
			<string>2281B6F918119A12007D556C</string>
			<key>isa</key>
			<string>PBXBuildFile</string>
		</dict>
		<key>2281B6FC18119A12007D556C</key>
		<dict>
			<key>isa</key>
			<string>PBXFileReference</string>
			<key>lastKnownFileType</key>
			<string>sourcecode.c.objc</string>
			<key>path</key>
			<string>AppsForEnergyTests.m</string>
			<key>sourceTree</key>
			<string>&lt;group&gt;</string>
		</dict>
		<key>2281B6FD18119A13007D556C</key>
		<dict>
			<key>fileRef</key>
			<string>2281B6FC18119A12007D556C</string>
			<key>isa</key>
			<string>PBXBuildFile</string>
		</dict>
		<key>2281B6FE18119A13007D556C</key>
		<dict>
			<key>buildSettings</key>
			<dict>
				<key>ALWAYS_SEARCH_USER_PATHS</key>
				<string>NO</string>
				<key>ARCHS</key>
				<string>$(ARCHS_STANDARD_INCLUDING_64_BIT)</string>
				<key>CLANG_CXX_LANGUAGE_STANDARD</key>
				<string>gnu++0x</string>
				<key>CLANG_CXX_LIBRARY</key>
				<string>libc++</string>
				<key>CLANG_ENABLE_MODULES</key>
				<string>YES</string>
				<key>CLANG_ENABLE_OBJC_ARC</key>
				<string>YES</string>
				<key>CLANG_WARN_BOOL_CONVERSION</key>
				<string>YES</string>
				<key>CLANG_WARN_CONSTANT_CONVERSION</key>
				<string>YES</string>
				<key>CLANG_WARN_DIRECT_OBJC_ISA_USAGE</key>
				<string>YES_ERROR</string>
				<key>CLANG_WARN_EMPTY_BODY</key>
				<string>YES</string>
				<key>CLANG_WARN_ENUM_CONVERSION</key>
				<string>YES</string>
				<key>CLANG_WARN_INT_CONVERSION</key>
				<string>YES</string>
				<key>CLANG_WARN_OBJC_ROOT_CLASS</key>
				<string>YES_ERROR</string>
				<key>CLANG_WARN__DUPLICATE_METHOD_MATCH</key>
				<string>YES</string>
				<key>CODE_SIGN_IDENTITY[sdk=iphoneos*]</key>
				<string>iPhone Developer</string>
				<key>COPY_PHASE_STRIP</key>
				<string>NO</string>
				<key>GCC_C_LANGUAGE_STANDARD</key>
				<string>gnu99</string>
				<key>GCC_DYNAMIC_NO_PIC</key>
				<string>NO</string>
				<key>GCC_OPTIMIZATION_LEVEL</key>
				<string>0</string>
				<key>GCC_PREPROCESSOR_DEFINITIONS</key>
				<array>
					<string>DEBUG=1</string>
					<string>$(inherited)</string>
				</array>
				<key>GCC_SYMBOLS_PRIVATE_EXTERN</key>
				<string>NO</string>
				<key>GCC_WARN_64_TO_32_BIT_CONVERSION</key>
				<string>YES</string>
				<key>GCC_WARN_ABOUT_RETURN_TYPE</key>
				<string>YES_ERROR</string>
				<key>GCC_WARN_UNDECLARED_SELECTOR</key>
				<string>YES</string>
				<key>GCC_WARN_UNINITIALIZED_AUTOS</key>
				<string>YES</string>
				<key>GCC_WARN_UNUSED_FUNCTION</key>
				<string>YES</string>
				<key>GCC_WARN_UNUSED_VARIABLE</key>
				<string>YES</string>
				<key>IPHONEOS_DEPLOYMENT_TARGET</key>
				<string>7.0</string>
				<key>ONLY_ACTIVE_ARCH</key>
				<string>YES</string>
				<key>SDKROOT</key>
				<string>iphoneos</string>
			</dict>
			<key>isa</key>
			<string>XCBuildConfiguration</string>
			<key>name</key>
			<string>Debug</string>
		</dict>
		<key>2281B6FF18119A13007D556C</key>
		<dict>
			<key>buildSettings</key>
			<dict>
				<key>ALWAYS_SEARCH_USER_PATHS</key>
				<string>NO</string>
				<key>ARCHS</key>
				<string>$(ARCHS_STANDARD_INCLUDING_64_BIT)</string>
				<key>CLANG_CXX_LANGUAGE_STANDARD</key>
				<string>gnu++0x</string>
				<key>CLANG_CXX_LIBRARY</key>
				<string>libc++</string>
				<key>CLANG_ENABLE_MODULES</key>
				<string>YES</string>
				<key>CLANG_ENABLE_OBJC_ARC</key>
				<string>YES</string>
				<key>CLANG_WARN_BOOL_CONVERSION</key>
				<string>YES</string>
				<key>CLANG_WARN_CONSTANT_CONVERSION</key>
				<string>YES</string>
				<key>CLANG_WARN_DIRECT_OBJC_ISA_USAGE</key>
				<string>YES_ERROR</string>
				<key>CLANG_WARN_EMPTY_BODY</key>
				<string>YES</string>
				<key>CLANG_WARN_ENUM_CONVERSION</key>
				<string>YES</string>
				<key>CLANG_WARN_INT_CONVERSION</key>
				<string>YES</string>
				<key>CLANG_WARN_OBJC_ROOT_CLASS</key>
				<string>YES_ERROR</string>
				<key>CLANG_WARN__DUPLICATE_METHOD_MATCH</key>
				<string>YES</string>
				<key>CODE_SIGN_IDENTITY[sdk=iphoneos*]</key>
				<string>iPhone Developer</string>
				<key>COPY_PHASE_STRIP</key>
				<string>YES</string>
				<key>ENABLE_NS_ASSERTIONS</key>
				<string>NO</string>
				<key>GCC_C_LANGUAGE_STANDARD</key>
				<string>gnu99</string>
				<key>GCC_WARN_64_TO_32_BIT_CONVERSION</key>
				<string>YES</string>
				<key>GCC_WARN_ABOUT_RETURN_TYPE</key>
				<string>YES_ERROR</string>
				<key>GCC_WARN_UNDECLARED_SELECTOR</key>
				<string>YES</string>
				<key>GCC_WARN_UNINITIALIZED_AUTOS</key>
				<string>YES</string>
				<key>GCC_WARN_UNUSED_FUNCTION</key>
				<string>YES</string>
				<key>GCC_WARN_UNUSED_VARIABLE</key>
				<string>YES</string>
				<key>IPHONEOS_DEPLOYMENT_TARGET</key>
				<string>7.0</string>
				<key>SDKROOT</key>
				<string>iphoneos</string>
				<key>VALIDATE_PRODUCT</key>
				<string>YES</string>
			</dict>
			<key>isa</key>
			<string>XCBuildConfiguration</string>
			<key>name</key>
			<string>Release</string>
		</dict>
		<key>2281B70018119A13007D556C</key>
		<dict>
			<key>buildConfigurations</key>
			<array>
				<string>2281B70118119A13007D556C</string>
				<string>2281B70218119A13007D556C</string>
			</array>
			<key>defaultConfigurationIsVisible</key>
			<string>0</string>
			<key>defaultConfigurationName</key>
			<string>Release</string>
			<key>isa</key>
			<string>XCConfigurationList</string>
		</dict>
		<key>2281B70118119A13007D556C</key>
		<dict>
			<key>baseConfigurationReference</key>
			<string>6329F81BF8EA4CA08D60CF6A</string>
			<key>buildSettings</key>
			<dict>
				<key>ASSETCATALOG_COMPILER_APPICON_NAME</key>
				<string>AppIcon</string>
				<key>ASSETCATALOG_COMPILER_LAUNCHIMAGE_NAME</key>
				<string>LaunchImage</string>
				<key>GCC_PRECOMPILE_PREFIX_HEADER</key>
				<string>YES</string>
				<key>GCC_PREFIX_HEADER</key>
				<string>AppsForEnergy/AppsForEnergy-Prefix.pch</string>
				<key>INFOPLIST_FILE</key>
				<string>AppsForEnergy/AppsForEnergy-Info.plist</string>
				<key>PRODUCT_NAME</key>
				<string>$(TARGET_NAME)</string>
				<key>WRAPPER_EXTENSION</key>
				<string>app</string>
			</dict>
			<key>isa</key>
			<string>XCBuildConfiguration</string>
			<key>name</key>
			<string>Debug</string>
		</dict>
		<key>2281B70218119A13007D556C</key>
		<dict>
			<key>baseConfigurationReference</key>
			<string>6329F81BF8EA4CA08D60CF6A</string>
			<key>buildSettings</key>
			<dict>
				<key>ASSETCATALOG_COMPILER_APPICON_NAME</key>
				<string>AppIcon</string>
				<key>ASSETCATALOG_COMPILER_LAUNCHIMAGE_NAME</key>
				<string>LaunchImage</string>
				<key>GCC_PRECOMPILE_PREFIX_HEADER</key>
				<string>YES</string>
				<key>GCC_PREFIX_HEADER</key>
				<string>AppsForEnergy/AppsForEnergy-Prefix.pch</string>
				<key>INFOPLIST_FILE</key>
				<string>AppsForEnergy/AppsForEnergy-Info.plist</string>
				<key>PRODUCT_NAME</key>
				<string>$(TARGET_NAME)</string>
				<key>WRAPPER_EXTENSION</key>
				<string>app</string>
			</dict>
			<key>isa</key>
			<string>XCBuildConfiguration</string>
			<key>name</key>
			<string>Release</string>
		</dict>
		<key>2281B70318119A13007D556C</key>
		<dict>
			<key>buildConfigurations</key>
			<array>
				<string>2281B70418119A13007D556C</string>
				<string>2281B70518119A13007D556C</string>
			</array>
			<key>defaultConfigurationIsVisible</key>
			<string>0</string>
			<key>defaultConfigurationName</key>
			<string>Release</string>
			<key>isa</key>
			<string>XCConfigurationList</string>
		</dict>
		<key>2281B70418119A13007D556C</key>
		<dict>
			<key>buildSettings</key>
			<dict>
				<key>ARCHS</key>
				<string>$(ARCHS_STANDARD_INCLUDING_64_BIT)</string>
				<key>BUNDLE_LOADER</key>
				<string>$(BUILT_PRODUCTS_DIR)/AppsForEnergy.app/AppsForEnergy</string>
				<key>FRAMEWORK_SEARCH_PATHS</key>
				<array>
					<string>$(SDKROOT)/Developer/Library/Frameworks</string>
					<string>$(inherited)</string>
					<string>$(DEVELOPER_FRAMEWORKS_DIR)</string>
				</array>
				<key>GCC_PRECOMPILE_PREFIX_HEADER</key>
				<string>YES</string>
				<key>GCC_PREFIX_HEADER</key>
				<string>AppsForEnergy/AppsForEnergy-Prefix.pch</string>
				<key>GCC_PREPROCESSOR_DEFINITIONS</key>
				<array>
					<string>DEBUG=1</string>
					<string>$(inherited)</string>
				</array>
				<key>INFOPLIST_FILE</key>
				<string>AppsForEnergyTests/AppsForEnergyTests-Info.plist</string>
				<key>PRODUCT_NAME</key>
				<string>$(TARGET_NAME)</string>
				<key>TEST_HOST</key>
				<string>$(BUNDLE_LOADER)</string>
				<key>WRAPPER_EXTENSION</key>
				<string>xctest</string>
			</dict>
			<key>isa</key>
			<string>XCBuildConfiguration</string>
			<key>name</key>
			<string>Debug</string>
		</dict>
		<key>2281B70518119A13007D556C</key>
		<dict>
			<key>buildSettings</key>
			<dict>
				<key>ARCHS</key>
				<string>$(ARCHS_STANDARD_INCLUDING_64_BIT)</string>
				<key>BUNDLE_LOADER</key>
				<string>$(BUILT_PRODUCTS_DIR)/AppsForEnergy.app/AppsForEnergy</string>
				<key>FRAMEWORK_SEARCH_PATHS</key>
				<array>
					<string>$(SDKROOT)/Developer/Library/Frameworks</string>
					<string>$(inherited)</string>
					<string>$(DEVELOPER_FRAMEWORKS_DIR)</string>
				</array>
				<key>GCC_PRECOMPILE_PREFIX_HEADER</key>
				<string>YES</string>
				<key>GCC_PREFIX_HEADER</key>
				<string>AppsForEnergy/AppsForEnergy-Prefix.pch</string>
				<key>INFOPLIST_FILE</key>
				<string>AppsForEnergyTests/AppsForEnergyTests-Info.plist</string>
				<key>PRODUCT_NAME</key>
				<string>$(TARGET_NAME)</string>
				<key>TEST_HOST</key>
				<string>$(BUNDLE_LOADER)</string>
				<key>WRAPPER_EXTENSION</key>
				<string>xctest</string>
			</dict>
			<key>isa</key>
			<string>XCBuildConfiguration</string>
			<key>name</key>
			<string>Release</string>
		</dict>
		<key>2281B7081811A478007D556C</key>
		<dict>
			<key>fileEncoding</key>
			<string>4</string>
			<key>isa</key>
			<string>PBXFileReference</string>
			<key>lastKnownFileType</key>
			<string>sourcecode.c.h</string>
			<key>path</key>
			<string>AFEContainerViewController.h</string>
			<key>sourceTree</key>
			<string>&lt;group&gt;</string>
		</dict>
		<key>2281B7091811A478007D556C</key>
		<dict>
			<key>fileEncoding</key>
			<string>4</string>
			<key>isa</key>
			<string>PBXFileReference</string>
			<key>lastKnownFileType</key>
			<string>sourcecode.c.objc</string>
			<key>path</key>
			<string>AFEContainerViewController.m</string>
			<key>sourceTree</key>
			<string>&lt;group&gt;</string>
		</dict>
		<key>2281B70A1811A478007D556C</key>
		<dict>
			<key>fileRef</key>
			<string>2281B7091811A478007D556C</string>
			<key>isa</key>
			<string>PBXBuildFile</string>
		</dict>
		<key>2281B70C1811AFAA007D556C</key>
		<dict>
			<key>isa</key>
			<string>PBXFileReference</string>
			<key>lastKnownFileType</key>
			<string>sourcecode.c.h</string>
			<key>path</key>
			<string>AFEGlobal.h</string>
			<key>sourceTree</key>
			<string>&lt;group&gt;</string>
		</dict>
		<key>2281B70D1811B6A4007D556C</key>
		<dict>
			<key>children</key>
			<array>
				<string>2281B6E018119A12007D556C</string>
				<string>2281B6E118119A12007D556C</string>
			</array>
			<key>isa</key>
			<string>PBXGroup</string>
			<key>name</key>
			<string>AppDelegate</string>
			<key>sourceTree</key>
			<string>&lt;group&gt;</string>
		</dict>
		<key>2281B70E1811B6B0007D556C</key>
		<dict>
			<key>children</key>
			<array>
				<string>2281B71B18127535007D556C</string>
				<string>2281B71C18127535007D556C</string>
			</array>
			<key>isa</key>
			<string>PBXGroup</string>
			<key>name</key>
			<string>Model</string>
			<key>sourceTree</key>
			<string>&lt;group&gt;</string>
		</dict>
		<key>2281B70F1811B6B7007D556C</key>
		<dict>
			<key>children</key>
			<array>
				<string>2281B7171811C0ED007D556C</string>
				<string>2281B7191811C539007D556C</string>
				<string>22CB2CA11812891200207D50</string>
				<string>22CB2CA5181289EB00207D50</string>
				<string>22CB2CAA1812B3D300207D50</string>
			</array>
			<key>isa</key>
			<string>PBXGroup</string>
			<key>name</key>
			<string>View</string>
			<key>sourceTree</key>
			<string>&lt;group&gt;</string>
		</dict>
		<key>2281B7101811B6BE007D556C</key>
		<dict>
			<key>children</key>
			<array>
				<string>2281B7081811A478007D556C</string>
				<string>2281B7091811A478007D556C</string>
				<string>2281B7111811B6EA007D556C</string>
				<string>2281B7121811B6EA007D556C</string>
				<string>2281B7141811B6F5007D556C</string>
				<string>2281B7151811B6F5007D556C</string>
				<string>22CB2C9E1812850F00207D50</string>
				<string>22CB2C9F1812850F00207D50</string>
				<string>22CB2CA3181289EB00207D50</string>
				<string>22CB2CA4181289EB00207D50</string>
				<string>22CB2CA81812B3D300207D50</string>
				<string>22CB2CA91812B3D300207D50</string>
			</array>
			<key>isa</key>
			<string>PBXGroup</string>
			<key>name</key>
			<string>Controller</string>
			<key>sourceTree</key>
			<string>&lt;group&gt;</string>
		</dict>
		<key>2281B7111811B6EA007D556C</key>
		<dict>
			<key>fileEncoding</key>
			<string>4</string>
			<key>isa</key>
			<string>PBXFileReference</string>
			<key>lastKnownFileType</key>
			<string>sourcecode.c.h</string>
			<key>path</key>
			<string>AFEStep1ViewController.h</string>
			<key>sourceTree</key>
			<string>&lt;group&gt;</string>
		</dict>
		<key>2281B7121811B6EA007D556C</key>
		<dict>
			<key>fileEncoding</key>
			<string>4</string>
			<key>isa</key>
			<string>PBXFileReference</string>
			<key>lastKnownFileType</key>
			<string>sourcecode.c.objc</string>
			<key>path</key>
			<string>AFEStep1ViewController.m</string>
			<key>sourceTree</key>
			<string>&lt;group&gt;</string>
		</dict>
		<key>2281B7131811B6EA007D556C</key>
		<dict>
			<key>fileRef</key>
			<string>2281B7121811B6EA007D556C</string>
			<key>isa</key>
			<string>PBXBuildFile</string>
		</dict>
		<key>2281B7141811B6F5007D556C</key>
		<dict>
			<key>fileEncoding</key>
			<string>4</string>
			<key>isa</key>
			<string>PBXFileReference</string>
			<key>lastKnownFileType</key>
			<string>sourcecode.c.h</string>
			<key>path</key>
			<string>AFEStep2ViewController.h</string>
			<key>sourceTree</key>
			<string>&lt;group&gt;</string>
		</dict>
		<key>2281B7151811B6F5007D556C</key>
		<dict>
			<key>fileEncoding</key>
			<string>4</string>
			<key>isa</key>
			<string>PBXFileReference</string>
			<key>lastKnownFileType</key>
			<string>sourcecode.c.objc</string>
			<key>path</key>
			<string>AFEStep2ViewController.m</string>
			<key>sourceTree</key>
			<string>&lt;group&gt;</string>
		</dict>
		<key>2281B7161811B6F5007D556C</key>
		<dict>
			<key>fileRef</key>
			<string>2281B7151811B6F5007D556C</string>
			<key>isa</key>
			<string>PBXBuildFile</string>
		</dict>
		<key>2281B7171811C0ED007D556C</key>
		<dict>
			<key>fileEncoding</key>
			<string>4</string>
			<key>isa</key>
			<string>PBXFileReference</string>
			<key>lastKnownFileType</key>
			<string>file.xib</string>
			<key>path</key>
			<string>AFEStep1ViewController.xib</string>
			<key>sourceTree</key>
			<string>&lt;group&gt;</string>
		</dict>
		<key>2281B7181811C0ED007D556C</key>
		<dict>
			<key>fileRef</key>
			<string>2281B7171811C0ED007D556C</string>
			<key>isa</key>
			<string>PBXBuildFile</string>
		</dict>
		<key>2281B7191811C539007D556C</key>
		<dict>
			<key>fileEncoding</key>
			<string>4</string>
			<key>isa</key>
			<string>PBXFileReference</string>
			<key>lastKnownFileType</key>
			<string>file.xib</string>
			<key>path</key>
			<string>AFEStep2ViewController.xib</string>
			<key>sourceTree</key>
			<string>&lt;group&gt;</string>
		</dict>
		<key>2281B71A1811C539007D556C</key>
		<dict>
			<key>fileRef</key>
			<string>2281B7191811C539007D556C</string>
			<key>isa</key>
			<string>PBXBuildFile</string>
		</dict>
		<key>2281B71B18127535007D556C</key>
		<dict>
			<key>fileEncoding</key>
			<string>4</string>
			<key>isa</key>
			<string>PBXFileReference</string>
			<key>lastKnownFileType</key>
			<string>sourcecode.c.h</string>
			<key>path</key>
			<string>AFEValues.h</string>
			<key>sourceTree</key>
			<string>&lt;group&gt;</string>
		</dict>
		<key>2281B71C18127535007D556C</key>
		<dict>
			<key>fileEncoding</key>
			<string>4</string>
			<key>isa</key>
			<string>PBXFileReference</string>
			<key>lastKnownFileType</key>
			<string>sourcecode.c.objc</string>
			<key>path</key>
			<string>AFEValues.m</string>
			<key>sourceTree</key>
			<string>&lt;group&gt;</string>
		</dict>
		<key>2281B71D18127535007D556C</key>
		<dict>
			<key>fileRef</key>
			<string>2281B71C18127535007D556C</string>
			<key>isa</key>
			<string>PBXBuildFile</string>
		</dict>
		<key>22CB2C9E1812850F00207D50</key>
		<dict>
			<key>fileEncoding</key>
			<string>4</string>
			<key>isa</key>
			<string>PBXFileReference</string>
			<key>lastKnownFileType</key>
			<string>sourcecode.c.h</string>
			<key>path</key>
			<string>AFEInfoViewController.h</string>
			<key>sourceTree</key>
			<string>&lt;group&gt;</string>
		</dict>
		<key>22CB2C9F1812850F00207D50</key>
		<dict>
			<key>fileEncoding</key>
			<string>4</string>
			<key>isa</key>
			<string>PBXFileReference</string>
			<key>lastKnownFileType</key>
			<string>sourcecode.c.objc</string>
			<key>path</key>
			<string>AFEInfoViewController.m</string>
			<key>sourceTree</key>
			<string>&lt;group&gt;</string>
		</dict>
		<key>22CB2CA01812850F00207D50</key>
		<dict>
			<key>fileRef</key>
			<string>22CB2C9F1812850F00207D50</string>
			<key>isa</key>
			<string>PBXBuildFile</string>
		</dict>
		<key>22CB2CA11812891200207D50</key>
		<dict>
			<key>fileEncoding</key>
			<string>4</string>
			<key>isa</key>
			<string>PBXFileReference</string>
			<key>lastKnownFileType</key>
			<string>file.xib</string>
			<key>path</key>
			<string>AFEInfoViewController.xib</string>
			<key>sourceTree</key>
			<string>&lt;group&gt;</string>
		</dict>
		<key>22CB2CA21812891200207D50</key>
		<dict>
			<key>fileRef</key>
			<string>22CB2CA11812891200207D50</string>
			<key>isa</key>
			<string>PBXBuildFile</string>
		</dict>
		<key>22CB2CA3181289EB00207D50</key>
		<dict>
			<key>fileEncoding</key>
			<string>4</string>
			<key>isa</key>
			<string>PBXFileReference</string>
			<key>lastKnownFileType</key>
			<string>sourcecode.c.h</string>
			<key>path</key>
			<string>AFEStep3ViewController.h</string>
			<key>sourceTree</key>
			<string>&lt;group&gt;</string>
		</dict>
		<key>22CB2CA4181289EB00207D50</key>
		<dict>
			<key>fileEncoding</key>
			<string>4</string>
			<key>isa</key>
			<string>PBXFileReference</string>
			<key>lastKnownFileType</key>
			<string>sourcecode.c.objc</string>
			<key>path</key>
			<string>AFEStep3ViewController.m</string>
			<key>sourceTree</key>
			<string>&lt;group&gt;</string>
		</dict>
		<key>22CB2CA5181289EB00207D50</key>
		<dict>
			<key>fileEncoding</key>
			<string>4</string>
			<key>isa</key>
			<string>PBXFileReference</string>
			<key>lastKnownFileType</key>
			<string>file.xib</string>
			<key>path</key>
			<string>AFEStep3ViewController.xib</string>
			<key>sourceTree</key>
			<string>&lt;group&gt;</string>
		</dict>
		<key>22CB2CA6181289EB00207D50</key>
		<dict>
			<key>fileRef</key>
			<string>22CB2CA4181289EB00207D50</string>
			<key>isa</key>
			<string>PBXBuildFile</string>
		</dict>
		<key>22CB2CA7181289EB00207D50</key>
		<dict>
			<key>fileRef</key>
			<string>22CB2CA5181289EB00207D50</string>
			<key>isa</key>
			<string>PBXBuildFile</string>
		</dict>
		<key>22CB2CA81812B3D300207D50</key>
		<dict>
			<key>fileEncoding</key>
			<string>4</string>
			<key>isa</key>
			<string>PBXFileReference</string>
			<key>lastKnownFileType</key>
			<string>sourcecode.c.h</string>
			<key>path</key>
			<string>AFEResultsViewController.h</string>
			<key>sourceTree</key>
			<string>&lt;group&gt;</string>
		</dict>
		<key>22CB2CA91812B3D300207D50</key>
		<dict>
			<key>fileEncoding</key>
			<string>4</string>
			<key>isa</key>
			<string>PBXFileReference</string>
			<key>lastKnownFileType</key>
			<string>sourcecode.c.objc</string>
			<key>path</key>
			<string>AFEResultsViewController.m</string>
			<key>sourceTree</key>
			<string>&lt;group&gt;</string>
		</dict>
		<key>22CB2CAA1812B3D300207D50</key>
		<dict>
			<key>fileEncoding</key>
			<string>4</string>
			<key>isa</key>
			<string>PBXFileReference</string>
			<key>lastKnownFileType</key>
			<string>file.xib</string>
			<key>path</key>
			<string>AFEResultsViewController.xib</string>
			<key>sourceTree</key>
			<string>&lt;group&gt;</string>
		</dict>
		<key>22CB2CAB1812B3D300207D50</key>
		<dict>
			<key>fileRef</key>
			<string>22CB2CA91812B3D300207D50</string>
			<key>isa</key>
			<string>PBXBuildFile</string>
		</dict>
		<key>22CB2CAC1812B3D300207D50</key>
		<dict>
			<key>fileRef</key>
			<string>22CB2CAA1812B3D300207D50</string>
			<key>isa</key>
			<string>PBXBuildFile</string>
		</dict>
		<key>23A30231E4B84822BE3B83B6</key>
		<dict>
			<key>explicitFileType</key>
			<string>archive.ar</string>
			<key>includeInIndex</key>
			<string>0</string>
			<key>isa</key>
			<string>PBXFileReference</string>
			<key>name</key>
			<string>libPods.a</string>
			<key>path</key>
			<string>libPods.a</string>
			<key>sourceTree</key>
			<string>BUILT_PRODUCTS_DIR</string>
		</dict>
		<key>4F51A640D3204D65BEEBCE89</key>
		<dict>
			<key>buildActionMask</key>
			<string>2147483647</string>
			<key>files</key>
			<array/>
			<key>inputPaths</key>
			<array/>
			<key>isa</key>
			<string>PBXShellScriptBuildPhase</string>
			<key>name</key>
			<string>Copy Pods Resources</string>
			<key>outputPaths</key>
			<array/>
			<key>runOnlyForDeploymentPostprocessing</key>
			<string>0</string>
			<key>shellPath</key>
			<string>/bin/sh</string>
			<key>shellScript</key>
			<string>"${SRCROOT}/Pods/Pods-resources.sh"
</string>
			<key>showEnvVarsInLog</key>
			<string>1</string>
		</dict>
		<key>6329F81BF8EA4CA08D60CF6A</key>
		<dict>
			<key>includeInIndex</key>
			<string>1</string>
			<key>isa</key>
			<string>PBXFileReference</string>
			<key>lastKnownFileType</key>
			<string>text.xcconfig</string>
			<key>name</key>
			<string>Pods.xcconfig</string>
			<key>path</key>
			<string>Pods/Pods.xcconfig</string>
			<key>sourceTree</key>
			<string>SOURCE_ROOT</string>
		</dict>
		<key>D798B1C2B4F5464CB41E0BDD</key>
		<dict>
			<key>fileRef</key>
			<string>23A30231E4B84822BE3B83B6</string>
			<key>isa</key>
			<string>PBXBuildFile</string>
			<key>settings</key>
			<dict/>
		</dict>
		<key>FC5AF1259DB94FA19BC2AF22</key>
		<dict>
			<key>buildActionMask</key>
			<string>2147483647</string>
			<key>files</key>
			<array/>
			<key>inputPaths</key>
			<array/>
			<key>isa</key>
			<string>PBXShellScriptBuildPhase</string>
			<key>name</key>
			<string>Check Pods Manifest.lock</string>
			<key>outputPaths</key>
			<array/>
			<key>runOnlyForDeploymentPostprocessing</key>
			<string>0</string>
			<key>shellPath</key>
			<string>/bin/sh</string>
			<key>shellScript</key>
			<string>diff "${PODS_ROOT}/../Podfile.lock" "${PODS_ROOT}/Manifest.lock" &gt; /dev/null
if [[ $? != 0 ]] ; then
    cat &lt;&lt; EOM
error: The sandbox is not in sync with the Podfile.lock. Run 'pod install' or update your CocoaPods installation.
EOM
    exit 1
fi
</string>
			<key>showEnvVarsInLog</key>
			<string>1</string>
		</dict>
	</dict>
	<key>rootObject</key>
	<string>2281B6C618119A12007D556C</string>
</dict>
</plist>
